<?xml version="1.0" encoding="utf-8"?>
<Project ToolsVersion="4.0" xmlns="http://schemas.microsoft.com/developer/msbuild/2003">
  <ItemGroup>
    <Filter Include="src">
      <UniqueIdentifier>{5e17fef7-4f66-4231-9bfb-4ac212e86f02}</UniqueIdentifier>
    </Filter>
    <Filter Include="include">
      <UniqueIdentifier>{4fb502bf-bab3-4e39-9024-4996277bd4c3}</UniqueIdentifier>
    </Filter>
    <Filter Include="resources">
      <UniqueIdentifier>{14dd5669-58db-41da-9782-dc61a0a62f71}</UniqueIdentifier>
    </Filter>
    <Filter Include="include\minini">
      <UniqueIdentifier>{2e99910e-3f25-4abb-b29e-c1b10cc761ca}</UniqueIdentifier>
    </Filter>
    <Filter Include="src\minini">
      <UniqueIdentifier>{74885039-e1c7-468e-a60a-11a781ec31b1}</UniqueIdentifier>
    </Filter>
  </ItemGroup>
  <ItemGroup>
    <ClInclude Include="Entities\Characters\Enemy.h">
      <Filter>include</Filter>
    </ClInclude>
    <ClInclude Include="Entities\Characters\Hero.h">
      <Filter>include</Filter>
    </ClInclude>
    <ClInclude Include="Entities\Effects\Effect.h">
      <Filter>include</Filter>
    </ClInclude>
    <ClInclude Include="Entities\Effects\Particle.h">
      <Filter>include</Filter>
    </ClInclude>
    <ClInclude Include="Entities\Effects\ParticleEngine.h">
      <Filter>include</Filter>
    </ClInclude>
    <ClInclude Include="Entities\Effects\Projectile.h">
      <Filter>include</Filter>
    </ClInclude>
    <ClInclude Include="Interfaces\GameOver.h">
      <Filter>include</Filter>
    </ClInclude>
    <ClInclude Include="Interfaces\Menu.h">
      <Filter>include</Filter>
    </ClInclude>
    <ClInclude Include="Libraries\MinIni\minGlue.h">
      <Filter>include\minini</Filter>
    </ClInclude>
    <ClInclude Include="Libraries\MinIni\minGlue-ccs.h">
      <Filter>include\minini</Filter>
    </ClInclude>
    <ClInclude Include="Libraries\MinIni\minGlue-efsl.h">
      <Filter>include\minini</Filter>
    </ClInclude>
    <ClInclude Include="Libraries\MinIni\minGlue-FatFs.h">
      <Filter>include\minini</Filter>
    </ClInclude>
    <ClInclude Include="Libraries\MinIni\minGlue-ffs.h">
      <Filter>include\minini</Filter>
    </ClInclude>
    <ClInclude Include="Libraries\MinIni\minGlue-mdd.h">
      <Filter>include\minini</Filter>
    </ClInclude>
    <ClInclude Include="Libraries\MinIni\minGlue-stdio.h">
      <Filter>include\minini</Filter>
    </ClInclude>
    <ClInclude Include="Libraries\MinIni\minIni.h">
      <Filter>include\minini</Filter>
    </ClInclude>
    <ClInclude Include="Libraries\MinIni\wxMinIni.h">
      <Filter>include\minini</Filter>
    </ClInclude>
    <ClInclude Include="Maths\Rectangle.h">
      <Filter>include</Filter>
    </ClInclude>
    <ClInclude Include="Maths\Vector2.h">
      <Filter>include</Filter>
    </ClInclude>
    <ClInclude Include="Scenes\Level.h">
      <Filter>include</Filter>
    </ClInclude>
    <ClInclude Include="Scenes\Survival.h">
      <Filter>include</Filter>
    </ClInclude>
    <ClInclude Include="Tools\BackgroundManager.h">
      <Filter>include</Filter>
    </ClInclude>
    <ClInclude Include="Tools\Colors.h">
      <Filter>include</Filter>
    </ClInclude>
    <ClInclude Include="Tools\DrawString.h">
      <Filter>include</Filter>
    </ClInclude>
    <ClInclude Include="Tools\Settings.h">
      <Filter>include</Filter>
    </ClInclude>
    <ClInclude Include="Tools\Surface.h">
      <Filter>include</Filter>
    </ClInclude>
    <ClInclude Include="Application.h">
      <Filter>include</Filter>
    </ClInclude>
  </ItemGroup>
  <ItemGroup>
    <ClCompile Include="Entities\Characters\Enemy.cpp">
      <Filter>src</Filter>
    </ClCompile>
    <ClCompile Include="Entities\Characters\Hero.cpp">
      <Filter>src</Filter>
    </ClCompile>
    <ClCompile Include="Entities\Effects\Effect.cpp">
      <Filter>src</Filter>
    </ClCompile>
    <ClCompile Include="Entities\Effects\Particle.cpp">
      <Filter>src</Filter>
    </ClCompile>
    <ClCompile Include="Entities\Effects\ParticleEngine.cpp">
      <Filter>src</Filter>
    </ClCompile>
    <ClCompile Include="Entities\Effects\Projectile.cpp">
      <Filter>src</Filter>
    </ClCompile>
    <ClCompile Include="Interfaces\GameOver.cpp">
      <Filter>src</Filter>
    </ClCompile>
    <ClCompile Include="Interfaces\Menu.cpp">
      <Filter>src</Filter>
    </ClCompile>
    <ClCompile Include="Libraries\MinIni\minIni.c">
      <Filter>src\minini</Filter>
    </ClCompile>
    <ClCompile Include="Maths\Rectangle.cpp">
      <Filter>src</Filter>
    </ClCompile>
    <ClCompile Include="Maths\Vector2.cpp">
      <Filter>src</Filter>
    </ClCompile>
    <ClCompile Include="Scenes\Level.cpp">
      <Filter>src</Filter>
    </ClCompile>
    <ClCompile Include="Scenes\Survival.cpp">
      <Filter>src</Filter>
    </ClCompile>
    <ClCompile Include="Tools\BackgroundManager.cpp">
      <Filter>src</Filter>
    </ClCompile>
    <ClCompile Include="Tools\Colors.cpp">
      <Filter>src</Filter>
    </ClCompile>
    <ClCompile Include="Tools\DrawString.cpp">
      <Filter>src</Filter>
    </ClCompile>
    <ClCompile Include="Tools\Settings.cpp">
      <Filter>src</Filter>
    </ClCompile>
    <ClCompile Include="Tools\Surface.cpp">
      <Filter>src</Filter>
    </ClCompile>
    <ClCompile Include="Application.cpp">
      <Filter>src</Filter>
    </ClCompile>
    <ClCompile Include="main.cpp">
      <Filter>src</Filter>
    </ClCompile>
  </ItemGroup>
</Project>